
Microsoft Visual Studio Solution File, Format Version 12.00
# Visual Studio Version 16
VisualStudioVersion = 16.0.31321.278
MinimumVisualStudioVersion = 10.0.40219.1
Project("{FAE04EC0-301F-11D3-BF4B-00C04F79EFBC}") = "The Protection Against Invasion", "The Protection Against Invasion\The Protection Against Invasion.csproj", "{C05E866D-153A-4D03-831D-5A9990B82DA8}"
EndProject
Global
	GlobalSection(SolutionConfigurationPlatforms) = preSolution
		Debug|Any CPU = Debug|Any CPU
		Release|Any CPU = Release|Any CPU
	EndGlobalSection
	GlobalSection(ProjectConfigurationPlatforms) = postSolution
		{C05E866D-153A-4D03-831D-5A9990B82DA8}.Debug|Any CPU.ActiveCfg = Debug|Any CPU
		{C05E866D-153A-4D03-831D-5A9990B82DA8}.Debug|Any CPU.Build.0 = Debug|Any CPU
		{C05E866D-153A-4D03-831D-5A9990B82DA8}.Release|Any CPU.ActiveCfg = Release|Any CPU
		{C05E866D-153A-4D03-831D-5A9990B82DA8}.Release|Any CPU.Build.0 = Release|Any CPU
	EndGlobalSection
	GlobalSection(SolutionProperties) = preSolution
		HideSolutionNode = FALSE
	EndGlobalSection
	GlobalSection(ExtensibilityGlobals) = postSolution
		SolutionGuid = {4A96B3AD-D53B-47F7-801E-35F61F67C59C}
	EndGlobalSection
EndGlobal
